
Microsoft Visual Studio Solution File, Format Version 12.00
# Visual Studio Version 16
VisualStudioVersion = 25.0.1704.2
MinimumVisualStudioVersion = 10.0.40219.1
Project("{FAE04EC0-301F-11D3-BF4B-00C04F79EFBC}") = "DevFreela.Payments.API", "DevFreela.Payments.API\DevFreela.Payments.API.csproj", "{0211A04F-7855-4840-AAB2-01776A443F96}"
EndProject
Global
	GlobalSection(SolutionConfigurationPlatforms) = preSolution
		Debug|Any CPU = Debug|Any CPU
		Release|Any CPU = Release|Any CPU
	EndGlobalSection
	GlobalSection(ProjectConfigurationPlatforms) = postSolution
		{0211A04F-7855-4840-AAB2-01776A443F96}.Debug|Any CPU.ActiveCfg = Debug|Any CPU
		{0211A04F-7855-4840-AAB2-01776A443F96}.Debug|Any CPU.Build.0 = Debug|Any CPU
		{0211A04F-7855-4840-AAB2-01776A443F96}.Release|Any CPU.ActiveCfg = Release|Any CPU
		{0211A04F-7855-4840-AAB2-01776A443F96}.Release|Any CPU.Build.0 = Release|Any CPU
	EndGlobalSection
	GlobalSection(SolutionProperties) = preSolution
		HideSolutionNode = FALSE
	EndGlobalSection
	GlobalSection(ExtensibilityGlobals) = postSolution
		SolutionGuid = {0F9827B1-7600-4B50-BC62-A733F31A8D32}
	EndGlobalSection
EndGlobal
